// !$*UTF8*$!
{
	archiveVersion = 1;
	classes = {
	};
	objectVersion = 56;
	objects = {

/* Begin PBXBuildFile section */
		799D71EF2A8D3A7D001F3294 /* AppDelegate.swift in Sources */ = {isa = PBXBuildFile; fileRef = 799D71EE2A8D3A7D001F3294 /* AppDelegate.swift */; };
		799D71F12A8D3A7D001F3294 /* SceneDelegate.swift in Sources */ = {isa = PBXBuildFile; fileRef = 799D71F02A8D3A7D001F3294 /* SceneDelegate.swift */; };
		799D71F32A8D3A7D001F3294 /* ViewController.swift in Sources */ = {isa = PBXBuildFile; fileRef = 799D71F22A8D3A7D001F3294 /* ViewController.swift */; };
		799D71F62A8D3A7D001F3294 /* Main.storyboard in Resources */ = {isa = PBXBuildFile; fileRef = 799D71F42A8D3A7D001F3294 /* Main.storyboard */; };
		799D71F82A8D3A7F001F3294 /* Assets.xcassets in Resources */ = {isa = PBXBuildFile; fileRef = 799D71F72A8D3A7F001F3294 /* Assets.xcassets */; };
		799D71FB2A8D3A7F001F3294 /* LaunchScreen.storyboard in Resources */ = {isa = PBXBuildFile; fileRef = 799D71F92A8D3A7F001F3294 /* LaunchScreen.storyboard */; };
		799D72062A8D3A80001F3294 /* StoreKitForElegantEventTests.swift in Sources */ = {isa = PBXBuildFile; fileRef = 799D72052A8D3A80001F3294 /* StoreKitForElegantEventTests.swift */; };
		799D72102A8D3A80001F3294 /* StoreKitForElegantEventUITests.swift in Sources */ = {isa = PBXBuildFile; fileRef = 799D720F2A8D3A80001F3294 /* StoreKitForElegantEventUITests.swift */; };
		799D72122A8D3A80001F3294 /* StoreKitForElegantEventUITestsLaunchTests.swift in Sources */ = {isa = PBXBuildFile; fileRef = 799D72112A8D3A80001F3294 /* StoreKitForElegantEventUITestsLaunchTests.swift */; };
/* End PBXBuildFile section */

/* Begin PBXContainerItemProxy section */
		799D72022A8D3A80001F3294 /* PBXContainerItemProxy */ = {
			isa = PBXContainerItemProxy;
			containerPortal = 799D71E32A8D3A7D001F3294 /* Project object */;
			proxyType = 1;
			remoteGlobalIDString = 799D71EA2A8D3A7D001F3294;
			remoteInfo = StoreKitForElegantEvent;
		};
		799D720C2A8D3A80001F3294 /* PBXContainerItemProxy */ = {
			isa = PBXContainerItemProxy;
			containerPortal = 799D71E32A8D3A7D001F3294 /* Project object */;
			proxyType = 1;
			remoteGlobalIDString = 799D71EA2A8D3A7D001F3294;
			remoteInfo = StoreKitForElegantEvent;
		};
/* End PBXContainerItemProxy section */

/* Begin PBXFileReference section */
		799D71EB2A8D3A7D001F3294 /* StoreKitForElegantEvent.app */ = {isa = PBXFileReference; explicitFileType = wrapper.application; includeInIndex = 0; path = StoreKitForElegantEvent.app; sourceTree = BUILT_PRODUCTS_DIR; };
		799D71EE2A8D3A7D001F3294 /* AppDelegate.swift */ = {isa = PBXFileReference; lastKnownFileType = sourcecode.swift; path = AppDelegate.swift; sourceTree = "<group>"; };
		799D71F02A8D3A7D001F3294 /* SceneDelegate.swift */ = {isa = PBXFileReference; lastKnownFileType = sourcecode.swift; path = SceneDelegate.swift; sourceTree = "<group>"; };
		799D71F22A8D3A7D001F3294 /* ViewController.swift */ = {isa = PBXFileReference; lastKnownFileType = sourcecode.swift; path = ViewController.swift; sourceTree = "<group>"; };
		799D71F52A8D3A7D001F3294 /* Base */ = {isa = PBXFileReference; lastKnownFileType = file.storyboard; name = Base; path = Base.lproj/Main.storyboard; sourceTree = "<group>"; };
		799D71F72A8D3A7F001F3294 /* Assets.xcassets */ = {isa = PBXFileReference; lastKnownFileType = folder.assetcatalog; path = Assets.xcassets; sourceTree = "<group>"; };
		799D71FA2A8D3A7F001F3294 /* Base */ = {isa = PBXFileReference; lastKnownFileType = file.storyboard; name = Base; path = Base.lproj/LaunchScreen.storyboard; sourceTree = "<group>"; };
		799D71FC2A8D3A7F001F3294 /* Info.plist */ = {isa = PBXFileReference; lastKnownFileType = text.plist.xml; path = Info.plist; sourceTree = "<group>"; };
		799D72012A8D3A80001F3294 /* StoreKitForElegantEventTests.xctest */ = {isa = PBXFileReference; explicitFileType = wrapper.cfbundle; includeInIndex = 0; path = StoreKitForElegantEventTests.xctest; sourceTree = BUILT_PRODUCTS_DIR; };
		799D72052A8D3A80001F3294 /* StoreKitForElegantEventTests.swift */ = {isa = PBXFileReference; lastKnownFileType = sourcecode.swift; path = StoreKitForElegantEventTests.swift; sourceTree = "<group>"; };
		799D720B2A8D3A80001F3294 /* StoreKitForElegantEventUITests.xctest */ = {isa = PBXFileReference; explicitFileType = wrapper.cfbundle; includeInIndex = 0; path = StoreKitForElegantEventUITests.xctest; sourceTree = BUILT_PRODUCTS_DIR; };
		799D720F2A8D3A80001F3294 /* StoreKitForElegantEventUITests.swift */ = {isa = PBXFileReference; lastKnownFileType = sourcecode.swift; path = StoreKitForElegantEventUITests.swift; sourceTree = "<group>"; };
		799D72112A8D3A80001F3294 /* StoreKitForElegantEventUITestsLaunchTests.swift */ = {isa = PBXFileReference; lastKnownFileType = sourcecode.swift; path = StoreKitForElegantEventUITestsLaunchTests.swift; sourceTree = "<group>"; };
/* End PBXFileReference section */

/* Begin PBXFrameworksBuildPhase section */
		799D71E82A8D3A7D001F3294 /* Frameworks */ = {
			isa = PBXFrameworksBuildPhase;
			buildActionMask = 2147483647;
			files = (
			);
			runOnlyForDeploymentPostprocessing = 0;
		};
		799D71FE2A8D3A80001F3294 /* Frameworks */ = {
			isa = PBXFrameworksBuildPhase;
			buildActionMask = 2147483647;
			files = (
			);
			runOnlyForDeploymentPostprocessing = 0;
		};
		799D72082A8D3A80001F3294 /* Frameworks */ = {
			isa = PBXFrameworksBuildPhase;
			buildActionMask = 2147483647;
			files = (
			);
			runOnlyForDeploymentPostprocessing = 0;
		};
/* End PBXFrameworksBuildPhase section */

/* Begin PBXGroup section */
		799D71E22A8D3A7C001F3294 = {
			isa = PBXGroup;
			children = (
				799D71ED2A8D3A7D001F3294 /* StoreKitForElegantEvent */,
				799D72042A8D3A80001F3294 /* StoreKitForElegantEventTests */,
				799D720E2A8D3A80001F3294 /* StoreKitForElegantEventUITests */,
				799D71EC2A8D3A7D001F3294 /* Products */,
			);
			sourceTree = "<group>";
		};
		799D71EC2A8D3A7D001F3294 /* Products */ = {
			isa = PBXGroup;
			children = (
				799D71EB2A8D3A7D001F3294 /* StoreKitForElegantEvent.app */,
				799D72012A8D3A80001F3294 /* StoreKitForElegantEventTests.xctest */,
				799D720B2A8D3A80001F3294 /* StoreKitForElegantEventUITests.xctest */,
			);
			name = Products;
			sourceTree = "<group>";
		};
		799D71ED2A8D3A7D001F3294 /* StoreKitForElegantEvent */ = {
			isa = PBXGroup;
			children = (
				799D71EE2A8D3A7D001F3294 /* AppDelegate.swift */,
				799D71F02A8D3A7D001F3294 /* SceneDelegate.swift */,
				799D71F22A8D3A7D001F3294 /* ViewController.swift */,
				799D71F42A8D3A7D001F3294 /* Main.storyboard */,
				799D71F72A8D3A7F001F3294 /* Assets.xcassets */,
				799D71F92A8D3A7F001F3294 /* LaunchScreen.storyboard */,
				799D71FC2A8D3A7F001F3294 /* Info.plist */,
			);
			path = StoreKitForElegantEvent;
			sourceTree = "<group>";
		};
		799D72042A8D3A80001F3294 /* StoreKitForElegantEventTests */ = {
			isa = PBXGroup;
			children = (
				799D72052A8D3A80001F3294 /* StoreKitForElegantEventTests.swift */,
			);
			path = StoreKitForElegantEventTests;
			sourceTree = "<group>";
		};
		799D720E2A8D3A80001F3294 /* StoreKitForElegantEventUITests */ = {
			isa = PBXGroup;
			children = (
				799D720F2A8D3A80001F3294 /* StoreKitForElegantEventUITests.swift */,
				799D72112A8D3A80001F3294 /* StoreKitForElegantEventUITestsLaunchTests.swift */,
			);
			path = StoreKitForElegantEventUITests;
			sourceTree = "<group>";
		};
/* End PBXGroup section */

/* Begin PBXNativeTarget section */
		799D71EA2A8D3A7D001F3294 /* StoreKitForElegantEvent */ = {
			isa = PBXNativeTarget;
			buildConfigurationList = 799D72152A8D3A80001F3294 /* Build configuration list for PBXNativeTarget "StoreKitForElegantEvent" */;
			buildPhases = (
				799D71E72A8D3A7D001F3294 /* Sources */,
				799D71E82A8D3A7D001F3294 /* Frameworks */,
				799D71E92A8D3A7D001F3294 /* Resources */,
			);
			buildRules = (
			);
			dependencies = (
			);
			name = StoreKitForElegantEvent;
			productName = StoreKitForElegantEvent;
			productReference = 799D71EB2A8D3A7D001F3294 /* StoreKitForElegantEvent.app */;
			productType = "com.apple.product-type.application";
		};
		799D72002A8D3A80001F3294 /* StoreKitForElegantEventTests */ = {
			isa = PBXNativeTarget;
			buildConfigurationList = 799D72182A8D3A80001F3294 /* Build configuration list for PBXNativeTarget "StoreKitForElegantEventTests" */;
			buildPhases = (
				799D71FD2A8D3A80001F3294 /* Sources */,
				799D71FE2A8D3A80001F3294 /* Frameworks */,
				799D71FF2A8D3A80001F3294 /* Resources */,
			);
			buildRules = (
			);
			dependencies = (
				799D72032A8D3A80001F3294 /* PBXTargetDependency */,
			);
			name = StoreKitForElegantEventTests;
			productName = StoreKitForElegantEventTests;
			productReference = 799D72012A8D3A80001F3294 /* StoreKitForElegantEventTests.xctest */;
			productType = "com.apple.product-type.bundle.unit-test";
		};
		799D720A2A8D3A80001F3294 /* StoreKitForElegantEventUITests */ = {
			isa = PBXNativeTarget;
			buildConfigurationList = 799D721B2A8D3A80001F3294 /* Build configuration list for PBXNativeTarget "StoreKitForElegantEventUITests" */;
			buildPhases = (
				799D72072A8D3A80001F3294 /* Sources */,
				799D72082A8D3A80001F3294 /* Frameworks */,
				799D72092A8D3A80001F3294 /* Resources */,
			);
			buildRules = (
			);
			dependencies = (
				799D720D2A8D3A80001F3294 /* PBXTargetDependency */,
			);
			name = StoreKitForElegantEventUITests;
			productName = StoreKitForElegantEventUITests;
			productReference = 799D720B2A8D3A80001F3294 /* StoreKitForElegantEventUITests.xctest */;
			productType = "com.apple.product-type.bundle.ui-testing";
		};
/* End PBXNativeTarget section */

/* Begin PBXProject section */
		799D71E32A8D3A7D001F3294 /* Project object */ = {
			isa = PBXProject;
			attributes = {
				BuildIndependentTargetsInParallel = 1;
				LastSwiftUpdateCheck = 1430;
				LastUpgradeCheck = 1430;
				TargetAttributes = {
					799D71EA2A8D3A7D001F3294 = {
						CreatedOnToolsVersion = 14.3.1;
					};
					799D72002A8D3A80001F3294 = {
						CreatedOnToolsVersion = 14.3.1;
						TestTargetID = 799D71EA2A8D3A7D001F3294;
					};
					799D720A2A8D3A80001F3294 = {
						CreatedOnToolsVersion = 14.3.1;
						TestTargetID = 799D71EA2A8D3A7D001F3294;
					};
				};
			};
			buildConfigurationList = 799D71E62A8D3A7D001F3294 /* Build configuration list for PBXProject "StoreKitForElegantEvent" */;
			compatibilityVersion = "Xcode 14.0";
			developmentRegion = en;
			hasScannedForEncodings = 0;
			knownRegions = (
				en,
				Base,
			);
			mainGroup = 799D71E22A8D3A7C001F3294;
			productRefGroup = 799D71EC2A8D3A7D001F3294 /* Products */;
			projectDirPath = "";
			projectRoot = "";
			targets = (
				799D71EA2A8D3A7D001F3294 /* StoreKitForElegantEvent */,
				799D72002A8D3A80001F3294 /* StoreKitForElegantEventTests */,
				799D720A2A8D3A80001F3294 /* StoreKitForElegantEventUITests */,
			);
		};
/* End PBXProject section */

/* Begin PBXResourcesBuildPhase section */
		799D71E92A8D3A7D001F3294 /* Resources */ = {
			isa = PBXResourcesBuildPhase;
			buildActionMask = 2147483647;
			files = (
				799D71FB2A8D3A7F001F3294 /* LaunchScreen.storyboard in Resources */,
				799D71F82A8D3A7F001F3294 /* Assets.xcassets in Resources */,
				799D71F62A8D3A7D001F3294 /* Main.storyboard in Resources */,
			);
			runOnlyForDeploymentPostprocessing = 0;
		};
		799D71FF2A8D3A80001F3294 /* Resources */ = {
			isa = PBXResourcesBuildPhase;
			buildActionMask = 2147483647;
			files = (
			);
			runOnlyForDeploymentPostprocessing = 0;
		};
		799D72092A8D3A80001F3294 /* Resources */ = {
			isa = PBXResourcesBuildPhase;
			buildActionMask = 2147483647;
			files = (
			);
			runOnlyForDeploymentPostprocessing = 0;
		};
/* End PBXResourcesBuildPhase section */

/* Begin PBXSourcesBuildPhase section */
		799D71E72A8D3A7D001F3294 /* Sources */ = {
			isa = PBXSourcesBuildPhase;
			buildActionMask = 2147483647;
			files = (
				799D71F32A8D3A7D001F3294 /* ViewController.swift in Sources */,
				799D71EF2A8D3A7D001F3294 /* AppDelegate.swift in Sources */,
				799D71F12A8D3A7D001F3294 /* SceneDelegate.swift in Sources */,
			);
			runOnlyForDeploymentPostprocessing = 0;
		};
		799D71FD2A8D3A80001F3294 /* Sources */ = {
			isa = PBXSourcesBuildPhase;
			buildActionMask = 2147483647;
			files = (
				799D72062A8D3A80001F3294 /* StoreKitForElegantEventTests.swift in Sources */,
			);
			runOnlyForDeploymentPostprocessing = 0;
		};
		799D72072A8D3A80001F3294 /* Sources */ = {
			isa = PBXSourcesBuildPhase;
			buildActionMask = 2147483647;
			files = (
				799D72102A8D3A80001F3294 /* StoreKitForElegantEventUITests.swift in Sources */,
				799D72122A8D3A80001F3294 /* StoreKitForElegantEventUITestsLaunchTests.swift in Sources */,
			);
			runOnlyForDeploymentPostprocessing = 0;
		};
/* End PBXSourcesBuildPhase section */

/* Begin PBXTargetDependency section */
		799D72032A8D3A80001F3294 /* PBXTargetDependency */ = {
			isa = PBXTargetDependency;
			target = 799D71EA2A8D3A7D001F3294 /* StoreKitForElegantEvent */;
			targetProxy = 799D72022A8D3A80001F3294 /* PBXContainerItemProxy */;
		};
		799D720D2A8D3A80001F3294 /* PBXTargetDependency */ = {
			isa = PBXTargetDependency;
			target = 799D71EA2A8D3A7D001F3294 /* StoreKitForElegantEvent */;
			targetProxy = 799D720C2A8D3A80001F3294 /* PBXContainerItemProxy */;
		};
/* End PBXTargetDependency section */

/* Begin PBXVariantGroup section */
		799D71F42A8D3A7D001F3294 /* Main.storyboard */ = {
			isa = PBXVariantGroup;
			children = (
				799D71F52A8D3A7D001F3294 /* Base */,
			);
			name = Main.storyboard;
			sourceTree = "<group>";
		};
		799D71F92A8D3A7F001F3294 /* LaunchScreen.storyboard */ = {
			isa = PBXVariantGroup;
			children = (
				799D71FA2A8D3A7F001F3294 /* Base */,
			);
			name = LaunchScreen.storyboard;
			sourceTree = "<group>";
		};
/* End PBXVariantGroup section */

/* Begin XCBuildConfiguration section */
		799D72132A8D3A80001F3294 /* Debug */ = {
			isa = XCBuildConfiguration;
			buildSettings = {
				ALWAYS_SEARCH_USER_PATHS = NO;
				CLANG_ANALYZER_NONNULL = YES;
				CLANG_ANALYZER_NUMBER_OBJECT_CONVERSION = YES_AGGRESSIVE;
				CLANG_CXX_LANGUAGE_STANDARD = "gnu++20";
				CLANG_ENABLE_MODULES = YES;
				CLANG_ENABLE_OBJC_ARC = YES;
				CLANG_ENABLE_OBJC_WEAK = YES;
				CLANG_WARN_BLOCK_CAPTURE_AUTORELEASING = YES;
				CLANG_WARN_BOOL_CONVERSION = YES;
				CLANG_WARN_COMMA = YES;
				CLANG_WARN_CONSTANT_CONVERSION = YES;
				CLANG_WARN_DEPRECATED_OBJC_IMPLEMENTATIONS = YES;
				CLANG_WARN_DIRECT_OBJC_ISA_USAGE = YES_ERROR;
				CLANG_WARN_DOCUMENTATION_COMMENTS = YES;
				CLANG_WARN_EMPTY_BODY = YES;
				CLANG_WARN_ENUM_CONVERSION = YES;
				CLANG_WARN_INFINITE_RECURSION = YES;
				CLANG_WARN_INT_CONVERSION = YES;
				CLANG_WARN_NON_LITERAL_NULL_CONVERSION = YES;
				CLANG_WARN_OBJC_IMPLICIT_RETAIN_SELF = YES;
				CLANG_WARN_OBJC_LITERAL_CONVERSION = YES;
				CLANG_WARN_OBJC_ROOT_CLASS = YES_ERROR;
				CLANG_WARN_QUOTED_INCLUDE_IN_FRAMEWORK_HEADER = YES;
				CLANG_WARN_RANGE_LOOP_ANALYSIS = YES;
				CLANG_WARN_STRICT_PROTOTYPES = YES;
				CLANG_WARN_SUSPICIOUS_MOVE = YES;
				CLANG_WARN_UNGUARDED_AVAILABILITY = YES_AGGRESSIVE;
				CLANG_WARN_UNREACHABLE_CODE = YES;
				CLANG_WARN__DUPLICATE_METHOD_MATCH = YES;
				COPY_PHASE_STRIP = NO;
				DEBUG_INFORMATION_FORMAT = dwarf;
				ENABLE_STRICT_OBJC_MSGSEND = YES;
				ENABLE_TESTABILITY = YES;
				GCC_C_LANGUAGE_STANDARD = gnu11;
				GCC_DYNAMIC_NO_PIC = NO;
				GCC_NO_COMMON_BLOCKS = YES;
				GCC_OPTIMIZATION_LEVEL = 0;
				GCC_PREPROCESSOR_DEFINITIONS = (
					"DEBUG=1",
					"$(inherited)",
				);
				GCC_WARN_64_TO_32_BIT_CONVERSION = YES;
				GCC_WARN_ABOUT_RETURN_TYPE = YES_ERROR;
				GCC_WARN_UNDECLARED_SELECTOR = YES;
				GCC_WARN_UNINITIALIZED_AUTOS = YES_AGGRESSIVE;
				GCC_WARN_UNUSED_FUNCTION = YES;
				GCC_WARN_UNUSED_VARIABLE = YES;
				IPHONEOS_DEPLOYMENT_TARGET = 16.4;
				MTL_ENABLE_DEBUG_INFO = INCLUDE_SOURCE;
				MTL_FAST_MATH = YES;
				ONLY_ACTIVE_ARCH = YES;
				SDKROOT = iphoneos;
				SWIFT_ACTIVE_COMPILATION_CONDITIONS = DEBUG;
				SWIFT_OPTIMIZATION_LEVEL = "-Onone";
			};
			name = Debug;
		};
		799D72142A8D3A80001F3294 /* Release */ = {
			isa = XCBuildConfiguration;
			buildSettings = {
				ALWAYS_SEARCH_USER_PATHS = NO;
				CLANG_ANALYZER_NONNULL = YES;
				CLANG_ANALYZER_NUMBER_OBJECT_CONVERSION = YES_AGGRESSIVE;
				CLANG_CXX_LANGUAGE_STANDARD = "gnu++20";
				CLANG_ENABLE_MODULES = YES;
				CLANG_ENABLE_OBJC_ARC = YES;
				CLANG_ENABLE_OBJC_WEAK = YES;
				CLANG_WARN_BLOCK_CAPTURE_AUTORELEASING = YES;
				CLANG_WARN_BOOL_CONVERSION = YES;
				CLANG_WARN_COMMA = YES;
				CLANG_WARN_CONSTANT_CONVERSION = YES;
				CLANG_WARN_DEPRECATED_OBJC_IMPLEMENTATIONS = YES;
				CLANG_WARN_DIRECT_OBJC_ISA_USAGE = YES_ERROR;
				CLANG_WARN_DOCUMENTATION_COMMENTS = YES;
				CLANG_WARN_EMPTY_BODY = YES;
				CLANG_WARN_ENUM_CONVERSION = YES;
				CLANG_WARN_INFINITE_RECURSION = YES;
				CLANG_WARN_INT_CONVERSION = YES;
				CLANG_WARN_NON_LITERAL_NULL_CONVERSION = YES;
				CLANG_WARN_OBJC_IMPLICIT_RETAIN_SELF = YES;
				CLANG_WARN_OBJC_LITERAL_CONVERSION = YES;
				CLANG_WARN_OBJC_ROOT_CLASS = YES_ERROR;
				CLANG_WARN_QUOTED_INCLUDE_IN_FRAMEWORK_HEADER = YES;
				CLANG_WARN_RANGE_LOOP_ANALYSIS = YES;
				CLANG_WARN_STRICT_PROTOTYPES = YES;
				CLANG_WARN_SUSPICIOUS_MOVE = YES;
				CLANG_WARN_UNGUARDED_AVAILABILITY = YES_AGGRESSIVE;
				CLANG_WARN_UNREACHABLE_CODE = YES;
				CLANG_WARN__DUPLICATE_METHOD_MATCH = YES;
				COPY_PHASE_STRIP = NO;
				DEBUG_INFORMATION_FORMAT = "dwarf-with-dsym";
				ENABLE_NS_ASSERTIONS = NO;
				ENABLE_STRICT_OBJC_MSGSEND = YES;
				GCC_C_LANGUAGE_STANDARD = gnu11;
				GCC_NO_COMMON_BLOCKS = YES;
				GCC_WARN_64_TO_32_BIT_CONVERSION = YES;
				GCC_WARN_ABOUT_RETURN_TYPE = YES_ERROR;
				GCC_WARN_UNDECLARED_SELECTOR = YES;
				GCC_WARN_UNINITIALIZED_AUTOS = YES_AGGRESSIVE;
				GCC_WARN_UNUSED_FUNCTION = YES;
				GCC_WARN_UNUSED_VARIABLE = YES;
				IPHONEOS_DEPLOYMENT_TARGET = 16.4;
				MTL_ENABLE_DEBUG_INFO = NO;
				MTL_FAST_MATH = YES;
				SDKROOT = iphoneos;
				SWIFT_COMPILATION_MODE = wholemodule;
				SWIFT_OPTIMIZATION_LEVEL = "-O";
				VALIDATE_PRODUCT = YES;
			};
			name = Release;
		};
		799D72162A8D3A80001F3294 /* Debug */ = {
			isa = XCBuildConfiguration;
			buildSettings = {
				ASSETCATALOG_COMPILER_APPICON_NAME = AppIcon;
				ASSETCATALOG_COMPILER_GLOBAL_ACCENT_COLOR_NAME = AccentColor;
				CODE_SIGN_STYLE = Automatic;
				CURRENT_PROJECT_VERSION = 1;
				DEVELOPMENT_TEAM = FHBJTCA4K5;
				GENERATE_INFOPLIST_FILE = YES;
				INFOPLIST_FILE = StoreKitForElegantEvent/Info.plist;
				INFOPLIST_KEY_UIApplicationSupportsIndirectInputEvents = YES;
				INFOPLIST_KEY_UILaunchStoryboardName = LaunchScreen;
				INFOPLIST_KEY_UIMainStoryboardFile = Main;
				INFOPLIST_KEY_UISupportedInterfaceOrientations_iPad = "UIInterfaceOrientationPortrait UIInterfaceOrientationPortraitUpsideDown UIInterfaceOrientationLandscapeLeft UIInterfaceOrientationLandscapeRight";
				INFOPLIST_KEY_UISupportedInterfaceOrientations_iPhone = "UIInterfaceOrientationPortrait UIInterfaceOrientationLandscapeLeft UIInterfaceOrientationLandscapeRight";
				LD_RUNPATH_SEARCH_PATHS = (
					"$(inherited)",
					"@executable_path/Frameworks",
				);
				MARKETING_VERSION = 1.0;
				PRODUCT_BUNDLE_IDENTIFIER = com.aliawami.StoreKitForElegantEvent;
				PRODUCT_NAME = "$(TARGET_NAME)";
				SWIFT_EMIT_LOC_STRINGS = YES;
				SWIFT_VERSION = 5.0;
				TARGETED_DEVICE_FAMILY = "1,2";
			};
			name = Debug;
		};
		799D72172A8D3A80001F3294 /* Release */ = {
			isa = XCBuildConfiguration;
			buildSettings = {
				ASSETCATALOG_COMPILER_APPICON_NAME = AppIcon;
				ASSETCATALOG_COMPILER_GLOBAL_ACCENT_COLOR_NAME = AccentColor;
				CODE_SIGN_STYLE = Automatic;
				CURRENT_PROJECT_VERSION = 1;
				DEVELOPMENT_TEAM = FHBJTCA4K5;
				GENERATE_INFOPLIST_FILE = YES;
				INFOPLIST_FILE = StoreKitForElegantEvent/Info.plist;
				INFOPLIST_KEY_UIApplicationSupportsIndirectInputEvents = YES;
				INFOPLIST_KEY_UILaunchStoryboardName = LaunchScreen;
				INFOPLIST_KEY_UIMainStoryboardFile = Main;
				INFOPLIST_KEY_UISupportedInterfaceOrientations_iPad = "UIInterfaceOrientationPortrait UIInterfaceOrientationPortraitUpsideDown UIInterfaceOrientationLandscapeLeft UIInterfaceOrientationLandscapeRight";
				INFOPLIST_KEY_UISupportedInterfaceOrientations_iPhone = "UIInterfaceOrientationPortrait UIInterfaceOrientationLandscapeLeft UIInterfaceOrientationLandscapeRight";
				LD_RUNPATH_SEARCH_PATHS = (
					"$(inherited)",
					"@executable_path/Frameworks",
				);
				MARKETING_VERSION = 1.0;
				PRODUCT_BUNDLE_IDENTIFIER = com.aliawami.StoreKitForElegantEvent;
				PRODUCT_NAME = "$(TARGET_NAME)";
				SWIFT_EMIT_LOC_STRINGS = YES;
				SWIFT_VERSION = 5.0;
				TARGETED_DEVICE_FAMILY = "1,2";
			};
			name = Release;
		};
		799D72192A8D3A80001F3294 /* Debug */ = {
			isa = XCBuildConfiguration;
			buildSettings = {
				ALWAYS_EMBED_SWIFT_STANDARD_LIBRARIES = YES;
				BUNDLE_LOADER = "$(TEST_HOST)";
				CODE_SIGN_STYLE = Automatic;
				CURRENT_PROJECT_VERSION = 1;
				DEVELOPMENT_TEAM = FHBJTCA4K5;
				GENERATE_INFOPLIST_FILE = YES;
				IPHONEOS_DEPLOYMENT_TARGET = 16.4;
				MARKETING_VERSION = 1.0;
				PRODUCT_BUNDLE_IDENTIFIER = com.aliawami.StoreKitForElegantEventTests;
				PRODUCT_NAME = "$(TARGET_NAME)";
				SWIFT_EMIT_LOC_STRINGS = NO;
				SWIFT_VERSION = 5.0;
				TARGETED_DEVICE_FAMILY = "1,2";
				TEST_HOST = "$(BUILT_PRODUCTS_DIR)/StoreKitForElegantEvent.app/$(BUNDLE_EXECUTABLE_FOLDER_PATH)/StoreKitForElegantEvent";
			};
			name = Debug;
		};
		799D721A2A8D3A80001F3294 /* Release */ = {
			isa = XCBuildConfiguration;
			buildSettings = {
				ALWAYS_EMBED_SWIFT_STANDARD_LIBRARIES = YES;
				BUNDLE_LOADER = "$(TEST_HOST)";
				CODE_SIGN_STYLE = Automatic;
				CURRENT_PROJECT_VERSION = 1;
				DEVELOPMENT_TEAM = FHBJTCA4K5;
				GENERATE_INFOPLIST_FILE = YES;
				IPHONEOS_DEPLOYMENT_TARGET = 16.4;
				MARKETING_VERSION = 1.0;
				PRODUCT_BUNDLE_IDENTIFIER = com.aliawami.StoreKitForElegantEventTests;
				PRODUCT_NAME = "$(TARGET_NAME)";
				SWIFT_EMIT_LOC_STRINGS = NO;
				SWIFT_VERSION = 5.0;
				TARGETED_DEVICE_FAMILY = "1,2";
				TEST_HOST = "$(BUILT_PRODUCTS_DIR)/StoreKitForElegantEvent.app/$(BUNDLE_EXECUTABLE_FOLDER_PATH)/StoreKitForElegantEvent";
			};
			name = Release;
		};
		799D721C2A8D3A80001F3294 /* Debug */ = {
			isa = XCBuildConfiguration;
			buildSettings = {
				ALWAYS_EMBED_SWIFT_STANDARD_LIBRARIES = YES;
				CODE_SIGN_STYLE = Automatic;
				CURRENT_PROJECT_VERSION = 1;
				DEVELOPMENT_TEAM = FHBJTCA4K5;
				GENERATE_INFOPLIST_FILE = YES;
				MARKETING_VERSION = 1.0;
				PRODUCT_BUNDLE_IDENTIFIER = com.aliawami.StoreKitForElegantEventUITests;
				PRODUCT_NAME = "$(TARGET_NAME)";
				SWIFT_EMIT_LOC_STRINGS = NO;
				SWIFT_VERSION = 5.0;
				TARGETED_DEVICE_FAMILY = "1,2";
				TEST_TARGET_NAME = StoreKitForElegantEvent;
			};
			name = Debug;
		};
		799D721D2A8D3A80001F3294 /* Release */ = {
			isa = XCBuildConfiguration;
			buildSettings = {
				ALWAYS_EMBED_SWIFT_STANDARD_LIBRARIES = YES;
				CODE_SIGN_STYLE = Automatic;
				CURRENT_PROJECT_VERSION = 1;
				DEVELOPMENT_TEAM = FHBJTCA4K5;
				GENERATE_INFOPLIST_FILE = YES;
				MARKETING_VERSION = 1.0;
				PRODUCT_BUNDLE_IDENTIFIER = com.aliawami.StoreKitForElegantEventUITests;
				PRODUCT_NAME = "$(TARGET_NAME)";
				SWIFT_EMIT_LOC_STRINGS = NO;
				SWIFT_VERSION = 5.0;
				TARGETED_DEVICE_FAMILY = "1,2";
				TEST_TARGET_NAME = StoreKitForElegantEvent;
			};
			name = Release;
		};
/* End XCBuildConfiguration section */

/* Begin XCConfigurationList section */
		799D71E62A8D3A7D001F3294 /* Build configuration list for PBXProject "StoreKitForElegantEvent" */ = {
			isa = XCConfigurationList;
			buildConfigurations = (
				799D72132A8D3A80001F3294 /* Debug */,
				799D72142A8D3A80001F3294 /* Release */,
			);
			defaultConfigurationIsVisible = 0;
			defaultConfigurationName = Release;
		};
		799D72152A8D3A80001F3294 /* Build configuration list for PBXNativeTarget "StoreKitForElegantEvent" */ = {
			isa = XCConfigurationList;
			buildConfigurations = (
				799D72162A8D3A80001F3294 /* Debug */,
				799D72172A8D3A80001F3294 /* Release */,
			);
			defaultConfigurationIsVisible = 0;
			defaultConfigurationName = Release;
		};
		799D72182A8D3A80001F3294 /* Build configuration list for PBXNativeTarget "StoreKitForElegantEventTests" */ = {
			isa = XCConfigurationList;
			buildConfigurations = (
				799D72192A8D3A80001F3294 /* Debug */,
				799D721A2A8D3A80001F3294 /* Release */,
			);
			defaultConfigurationIsVisible = 0;
			defaultConfigurationName = Release;
		};
		799D721B2A8D3A80001F3294 /* Build configuration list for PBXNativeTarget "StoreKitForElegantEventUITests" */ = {
			isa = XCConfigurationList;
			buildConfigurations = (
				799D721C2A8D3A80001F3294 /* Debug */,
				799D721D2A8D3A80001F3294 /* Release */,
			);
			defaultConfigurationIsVisible = 0;
			defaultConfigurationName = Release;
		};
/* End XCConfigurationList section */
	};
	rootObject = 799D71E32A8D3A7D001F3294 /* Project object */;
}
